// !$*UTF8*$!
{
	archiveVersion = 1;
	classes = {
	};
	objectVersion = 56;
	objects = {

/* Begin PBXBuildFile section */
		1E014B9F2A1CEBFB00BFEA0A /* ReminderCategoryCardView.swift in Sources */ = {isa = PBXBuildFile; fileRef = 1E014B9E2A1CEBFB00BFEA0A /* ReminderCategoryCardView.swift */; };
		1E0324FA2A1CDC700086D994 /* HomeView.swift in Sources */ = {isa = PBXBuildFile; fileRef = 1E0324F92A1CDC700086D994 /* HomeView.swift */; };
		1E3A6AC62A1D042100DEE9D6 /* ReminderListItemView.swift in Sources */ = {isa = PBXBuildFile; fileRef = 1E3A6AC52A1D042100DEE9D6 /* ReminderListItemView.swift */; };
		C51663912A1F8BEF004249FB /* concluido.swift in Sources */ = {isa = PBXBuildFile; fileRef = C51663902A1F8BEF004249FB /* concluido.swift */; };
		C54A7EA72A1BA9980054563C /* LembretesApp.swift in Sources */ = {isa = PBXBuildFile; fileRef = C54A7EA62A1BA9980054563C /* LembretesApp.swift */; };
		C54A7EA92A1BA9980054563C /* ContentView.swift in Sources */ = {isa = PBXBuildFile; fileRef = C54A7EA82A1BA9980054563C /* ContentView.swift */; };
		C54A7EAB2A1BA9990054563C /* Assets.xcassets in Resources */ = {isa = PBXBuildFile; fileRef = C54A7EAA2A1BA9990054563C /* Assets.xcassets */; };
		C54A7EAE2A1BA9990054563C /* Preview Assets.xcassets in Resources */ = {isa = PBXBuildFile; fileRef = C54A7EAD2A1BA9990054563C /* Preview Assets.xcassets */; };
/* End PBXBuildFile section */

/* Begin PBXFileReference section */
		1E014B9E2A1CEBFB00BFEA0A /* ReminderCategoryCardView.swift */ = {isa = PBXFileReference; lastKnownFileType = sourcecode.swift; path = ReminderCategoryCardView.swift; sourceTree = "<group>"; };
		1E0324F92A1CDC700086D994 /* HomeView.swift */ = {isa = PBXFileReference; lastKnownFileType = sourcecode.swift; path = HomeView.swift; sourceTree = "<group>"; };
		1E3A6AC52A1D042100DEE9D6 /* ReminderListItemView.swift */ = {isa = PBXFileReference; lastKnownFileType = sourcecode.swift; path = ReminderListItemView.swift; sourceTree = "<group>"; };
		C51663902A1F8BEF004249FB /* concluido.swift */ = {isa = PBXFileReference; lastKnownFileType = sourcecode.swift; name = concluido.swift; path = ../concluido.swift; sourceTree = "<group>"; };
		C54A7EA32A1BA9980054563C /* Lembretes.app */ = {isa = PBXFileReference; explicitFileType = wrapper.application; includeInIndex = 0; path = Lembretes.app; sourceTree = BUILT_PRODUCTS_DIR; };
		C54A7EA62A1BA9980054563C /* LembretesApp.swift */ = {isa = PBXFileReference; lastKnownFileType = sourcecode.swift; path = LembretesApp.swift; sourceTree = "<group>"; };
		C54A7EA82A1BA9980054563C /* ContentView.swift */ = {isa = PBXFileReference; lastKnownFileType = sourcecode.swift; path = ContentView.swift; sourceTree = "<group>"; };
		C54A7EAA2A1BA9990054563C /* Assets.xcassets */ = {isa = PBXFileReference; lastKnownFileType = folder.assetcatalog; path = Assets.xcassets; sourceTree = "<group>"; };
		C54A7EAD2A1BA9990054563C /* Preview Assets.xcassets */ = {isa = PBXFileReference; lastKnownFileType = folder.assetcatalog; path = "Preview Assets.xcassets"; sourceTree = "<group>"; };
/* End PBXFileReference section */

/* Begin PBXFrameworksBuildPhase section */
		C54A7EA02A1BA9980054563C /* Frameworks */ = {
			isa = PBXFrameworksBuildPhase;
			buildActionMask = 2147483647;
			files = (
			);
			runOnlyForDeploymentPostprocessing = 0;
		};
/* End PBXFrameworksBuildPhase section */

/* Begin PBXGroup section */
		C54A7E9A2A1BA9980054563C = {
			isa = PBXGroup;
			children = (
				C54A7EA52A1BA9980054563C /* Lembretes */,
				C54A7EA42A1BA9980054563C /* Products */,
			);
			sourceTree = "<group>";
		};
		C54A7EA42A1BA9980054563C /* Products */ = {
			isa = PBXGroup;
			children = (
				C54A7EA32A1BA9980054563C /* Lembretes.app */,
			);
			name = Products;
			sourceTree = "<group>";
		};
		C54A7EA52A1BA9980054563C /* Lembretes */ = {
			isa = PBXGroup;
			children = (
				C51663902A1F8BEF004249FB /* concluido.swift */,
				C54A7EA62A1BA9980054563C /* LembretesApp.swift */,
				C54A7EA82A1BA9980054563C /* ContentView.swift */,
				1E0324F92A1CDC700086D994 /* HomeView.swift */,
				1E014B9E2A1CEBFB00BFEA0A /* ReminderCategoryCardView.swift */,
				1E3A6AC52A1D042100DEE9D6 /* ReminderListItemView.swift */,
				C54A7EAA2A1BA9990054563C /* Assets.xcassets */,
				C54A7EAC2A1BA9990054563C /* Preview Content */,
			);
			path = Lembretes;
			sourceTree = "<group>";
		};
		C54A7EAC2A1BA9990054563C /* Preview Content */ = {
			isa = PBXGroup;
			children = (
				C54A7EAD2A1BA9990054563C /* Preview Assets.xcassets */,
			);
			path = "Preview Content";
			sourceTree = "<group>";
		};
/* End PBXGroup section */

/* Begin PBXNativeTarget section */
		C54A7EA22A1BA9980054563C /* Lembretes */ = {
			isa = PBXNativeTarget;
			buildConfigurationList = C54A7EB12A1BA9990054563C /* Build configuration list for PBXNativeTarget "Lembretes" */;
			buildPhases = (
				C54A7E9F2A1BA9980054563C /* Sources */,
				C54A7EA02A1BA9980054563C /* Frameworks */,
				C54A7EA12A1BA9980054563C /* Resources */,
			);
			buildRules = (
			);
			dependencies = (
			);
			name = Lembretes;
			productName = Lembretes;
			productReference = C54A7EA32A1BA9980054563C /* Lembretes.app */;
			productType = "com.apple.product-type.application";
		};
/* End PBXNativeTarget section */

/* Begin PBXProject section */
		C54A7E9B2A1BA9980054563C /* Project object */ = {
			isa = PBXProject;
			attributes = {
				BuildIndependentTargetsInParallel = 1;
				LastSwiftUpdateCheck = 1430;
				LastUpgradeCheck = 1430;
				TargetAttributes = {
					C54A7EA22A1BA9980054563C = {
						CreatedOnToolsVersion = 14.3;
					};
				};
			};
			buildConfigurationList = C54A7E9E2A1BA9980054563C /* Build configuration list for PBXProject "Lembretes" */;
			compatibilityVersion = "Xcode 14.0";
			developmentRegion = en;
			hasScannedForEncodings = 0;
			knownRegions = (
				en,
				Base,
			);
			mainGroup = C54A7E9A2A1BA9980054563C;
			productRefGroup = C54A7EA42A1BA9980054563C /* Products */;
			projectDirPath = "";
			projectRoot = "";
			targets = (
				C54A7EA22A1BA9980054563C /* Lembretes */,
			);
		};
/* End PBXProject section */

/* Begin PBXResourcesBuildPhase section */
		C54A7EA12A1BA9980054563C /* Resources */ = {
			isa = PBXResourcesBuildPhase;
			buildActionMask = 2147483647;
			files = (
				C54A7EAE2A1BA9990054563C /* Preview Assets.xcassets in Resources */,
				C54A7EAB2A1BA9990054563C /* Assets.xcassets in Resources */,
			);
			runOnlyForDeploymentPostprocessing = 0;
		};
/* End PBXResourcesBuildPhase section */

/* Begin PBXSourcesBuildPhase section */
		C54A7E9F2A1BA9980054563C /* Sources */ = {
			isa = PBXSourcesBuildPhase;
			buildActionMask = 2147483647;
			files = (
				1E0324FA2A1CDC700086D994 /* HomeView.swift in Sources */,
				C54A7EA92A1BA9980054563C /* ContentView.swift in Sources */,
				C51663912A1F8BEF004249FB /* concluido.swift in Sources */,
				1E014B9F2A1CEBFB00BFEA0A /* ReminderCategoryCardView.swift in Sources */,
				C54A7EA72A1BA9980054563C /* LembretesApp.swift in Sources */,
				1E3A6AC62A1D042100DEE9D6 /* ReminderListItemView.swift in Sources */,
			);
			runOnlyForDeploymentPostprocessing = 0;
		};
/* End PBXSourcesBuildPhase section */

/* Begin XCBuildConfiguration section */
		C54A7EAF2A1BA9990054563C /* Debug */ = {
			isa = XCBuildConfiguration;
			buildSettings = {
				ALWAYS_SEARCH_USER_PATHS = NO;
				CLANG_ANALYZER_NONNULL = YES;
				CLANG_ANALYZER_NUMBER_OBJECT_CONVERSION = YES_AGGRESSIVE;
				CLANG_CXX_LANGUAGE_STANDARD = "gnu++20";
				CLANG_ENABLE_MODULES = YES;
				CLANG_ENABLE_OBJC_ARC = YES;
				CLANG_ENABLE_OBJC_WEAK = YES;
				CLANG_WARN_BLOCK_CAPTURE_AUTORELEASING = YES;
				CLANG_WARN_BOOL_CONVERSION = YES;
				CLANG_WARN_COMMA = YES;
				CLANG_WARN_CONSTANT_CONVERSION = YES;
				CLANG_WARN_DEPRECATED_OBJC_IMPLEMENTATIONS = YES;
				CLANG_WARN_DIRECT_OBJC_ISA_USAGE = YES_ERROR;
				CLANG_WARN_DOCUMENTATION_COMMENTS = YES;
				CLANG_WARN_EMPTY_BODY = YES;
				CLANG_WARN_ENUM_CONVERSION = YES;
				CLANG_WARN_INFINITE_RECURSION = YES;
				CLANG_WARN_INT_CONVERSION = YES;
				CLANG_WARN_NON_LITERAL_NULL_CONVERSION = YES;
				CLANG_WARN_OBJC_IMPLICIT_RETAIN_SELF = YES;
				CLANG_WARN_OBJC_LITERAL_CONVERSION = YES;
				CLANG_WARN_OBJC_ROOT_CLASS = YES_ERROR;
				CLANG_WARN_QUOTED_INCLUDE_IN_FRAMEWORK_HEADER = YES;
				CLANG_WARN_RANGE_LOOP_ANALYSIS = YES;
				CLANG_WARN_STRICT_PROTOTYPES = YES;
				CLANG_WARN_SUSPICIOUS_MOVE = YES;
				CLANG_WARN_UNGUARDED_AVAILABILITY = YES_AGGRESSIVE;
				CLANG_WARN_UNREACHABLE_CODE = YES;
				CLANG_WARN__DUPLICATE_METHOD_MATCH = YES;
				COPY_PHASE_STRIP = NO;
				DEBUG_INFORMATION_FORMAT = dwarf;
				ENABLE_STRICT_OBJC_MSGSEND = YES;
				ENABLE_TESTABILITY = YES;
				GCC_C_LANGUAGE_STANDARD = gnu11;
				GCC_DYNAMIC_NO_PIC = NO;
				GCC_NO_COMMON_BLOCKS = YES;
				GCC_OPTIMIZATION_LEVEL = 0;
				GCC_PREPROCESSOR_DEFINITIONS = (
					"DEBUG=1",
					"$(inherited)",
				);
				GCC_WARN_64_TO_32_BIT_CONVERSION = YES;
				GCC_WARN_ABOUT_RETURN_TYPE = YES_ERROR;
				GCC_WARN_UNDECLARED_SELECTOR = YES;
				GCC_WARN_UNINITIALIZED_AUTOS = YES_AGGRESSIVE;
				GCC_WARN_UNUSED_FUNCTION = YES;
				GCC_WARN_UNUSED_VARIABLE = YES;
				IPHONEOS_DEPLOYMENT_TARGET = 16.4;
				MTL_ENABLE_DEBUG_INFO = INCLUDE_SOURCE;
				MTL_FAST_MATH = YES;
				ONLY_ACTIVE_ARCH = YES;
				SDKROOT = iphoneos;
				SWIFT_ACTIVE_COMPILATION_CONDITIONS = DEBUG;
				SWIFT_OPTIMIZATION_LEVEL = "-Onone";
			};
			name = Debug;
		};
		C54A7EB02A1BA9990054563C /* Release */ = {
			isa = XCBuildConfiguration;
			buildSettings = {
				ALWAYS_SEARCH_USER_PATHS = NO;
				CLANG_ANALYZER_NONNULL = YES;
				CLANG_ANALYZER_NUMBER_OBJECT_CONVERSION = YES_AGGRESSIVE;
				CLANG_CXX_LANGUAGE_STANDARD = "gnu++20";
				CLANG_ENABLE_MODULES = YES;
				CLANG_ENABLE_OBJC_ARC = YES;
				CLANG_ENABLE_OBJC_WEAK = YES;
				CLANG_WARN_BLOCK_CAPTURE_AUTORELEASING = YES;
				CLANG_WARN_BOOL_CONVERSION = YES;
				CLANG_WARN_COMMA = YES;
				CLANG_WARN_CONSTANT_CONVERSION = YES;
				CLANG_WARN_DEPRECATED_OBJC_IMPLEMENTATIONS = YES;
				CLANG_WARN_DIRECT_OBJC_ISA_USAGE = YES_ERROR;
				CLANG_WARN_DOCUMENTATION_COMMENTS = YES;
				CLANG_WARN_EMPTY_BODY = YES;
				CLANG_WARN_ENUM_CONVERSION = YES;
				CLANG_WARN_INFINITE_RECURSION = YES;
				CLANG_WARN_INT_CONVERSION = YES;
				CLANG_WARN_NON_LITERAL_NULL_CONVERSION = YES;
				CLANG_WARN_OBJC_IMPLICIT_RETAIN_SELF = YES;
				CLANG_WARN_OBJC_LITERAL_CONVERSION = YES;
				CLANG_WARN_OBJC_ROOT_CLASS = YES_ERROR;
				CLANG_WARN_QUOTED_INCLUDE_IN_FRAMEWORK_HEADER = YES;
				CLANG_WARN_RANGE_LOOP_ANALYSIS = YES;
				CLANG_WARN_STRICT_PROTOTYPES = YES;
				CLANG_WARN_SUSPICIOUS_MOVE = YES;
				CLANG_WARN_UNGUARDED_AVAILABILITY = YES_AGGRESSIVE;
				CLANG_WARN_UNREACHABLE_CODE = YES;
				CLANG_WARN__DUPLICATE_METHOD_MATCH = YES;
				COPY_PHASE_STRIP = NO;
				DEBUG_INFORMATION_FORMAT = "dwarf-with-dsym";
				ENABLE_NS_ASSERTIONS = NO;
				ENABLE_STRICT_OBJC_MSGSEND = YES;
				GCC_C_LANGUAGE_STANDARD = gnu11;
				GCC_NO_COMMON_BLOCKS = YES;
				GCC_WARN_64_TO_32_BIT_CONVERSION = YES;
				GCC_WARN_ABOUT_RETURN_TYPE = YES_ERROR;
				GCC_WARN_UNDECLARED_SELECTOR = YES;
				GCC_WARN_UNINITIALIZED_AUTOS = YES_AGGRESSIVE;
				GCC_WARN_UNUSED_FUNCTION = YES;
				GCC_WARN_UNUSED_VARIABLE = YES;
				IPHONEOS_DEPLOYMENT_TARGET = 16.4;
				MTL_ENABLE_DEBUG_INFO = NO;
				MTL_FAST_MATH = YES;
				SDKROOT = iphoneos;
				SWIFT_COMPILATION_MODE = wholemodule;
				SWIFT_OPTIMIZATION_LEVEL = "-O";
				VALIDATE_PRODUCT = YES;
			};
			name = Release;
		};
		C54A7EB22A1BA9990054563C /* Debug */ = {
			isa = XCBuildConfiguration;
			buildSettings = {
				ASSETCATALOG_COMPILER_APPICON_NAME = AppIcon;
				ASSETCATALOG_COMPILER_GLOBAL_ACCENT_COLOR_NAME = AccentColor;
				CODE_SIGN_STYLE = Automatic;
				CURRENT_PROJECT_VERSION = 1;
				DEVELOPMENT_ASSET_PATHS = "\"Lembretes/Preview Content\"";
				DEVELOPMENT_TEAM = HS355ZK24R;
				ENABLE_PREVIEWS = YES;
				GENERATE_INFOPLIST_FILE = YES;
				INFOPLIST_KEY_UIApplicationSceneManifest_Generation = YES;
				INFOPLIST_KEY_UIApplicationSupportsIndirectInputEvents = YES;
				INFOPLIST_KEY_UILaunchScreen_Generation = YES;
				INFOPLIST_KEY_UISupportedInterfaceOrientations_iPad = "UIInterfaceOrientationPortrait UIInterfaceOrientationPortraitUpsideDown UIInterfaceOrientationLandscapeLeft UIInterfaceOrientationLandscapeRight";
				INFOPLIST_KEY_UISupportedInterfaceOrientations_iPhone = "UIInterfaceOrientationPortrait UIInterfaceOrientationLandscapeLeft UIInterfaceOrientationLandscapeRight";
				LD_RUNPATH_SEARCH_PATHS = (
					"$(inherited)",
					"@executable_path/Frameworks",
				);
				MARKETING_VERSION = 1.0;
				PRODUCT_BUNDLE_IDENTIFIER = com.copyCat.Lembretes;
				PRODUCT_NAME = "$(TARGET_NAME)";
				SWIFT_EMIT_LOC_STRINGS = YES;
				SWIFT_VERSION = 5.0;
				TARGETED_DEVICE_FAMILY = "1,2";
			};
			name = Debug;
		};
		C54A7EB32A1BA9990054563C /* Release */ = {
			isa = XCBuildConfiguration;
			buildSettings = {
				ASSETCATALOG_COMPILER_APPICON_NAME = AppIcon;
				ASSETCATALOG_COMPILER_GLOBAL_ACCENT_COLOR_NAME = AccentColor;
				CODE_SIGN_STYLE = Automatic;
				CURRENT_PROJECT_VERSION = 1;
				DEVELOPMENT_ASSET_PATHS = "\"Lembretes/Preview Content\"";
				DEVELOPMENT_TEAM = HS355ZK24R;
				ENABLE_PREVIEWS = YES;
				GENERATE_INFOPLIST_FILE = YES;
				INFOPLIST_KEY_UIApplicationSceneManifest_Generation = YES;
				INFOPLIST_KEY_UIApplicationSupportsIndirectInputEvents = YES;
				INFOPLIST_KEY_UILaunchScreen_Generation = YES;
				INFOPLIST_KEY_UISupportedInterfaceOrientations_iPad = "UIInterfaceOrientationPortrait UIInterfaceOrientationPortraitUpsideDown UIInterfaceOrientationLandscapeLeft UIInterfaceOrientationLandscapeRight";
				INFOPLIST_KEY_UISupportedInterfaceOrientations_iPhone = "UIInterfaceOrientationPortrait UIInterfaceOrientationLandscapeLeft UIInterfaceOrientationLandscapeRight";
				LD_RUNPATH_SEARCH_PATHS = (
					"$(inherited)",
					"@executable_path/Frameworks",
				);
				MARKETING_VERSION = 1.0;
				PRODUCT_BUNDLE_IDENTIFIER = com.copyCat.Lembretes;
				PRODUCT_NAME = "$(TARGET_NAME)";
				SWIFT_EMIT_LOC_STRINGS = YES;
				SWIFT_VERSION = 5.0;
				TARGETED_DEVICE_FAMILY = "1,2";
			};
			name = Release;
		};
/* End XCBuildConfiguration section */

/* Begin XCConfigurationList section */
		C54A7E9E2A1BA9980054563C /* Build configuration list for PBXProject "Lembretes" */ = {
			isa = XCConfigurationList;
			buildConfigurations = (
				C54A7EAF2A1BA9990054563C /* Debug */,
				C54A7EB02A1BA9990054563C /* Release */,
			);
			defaultConfigurationIsVisible = 0;
			defaultConfigurationName = Release;
		};
		C54A7EB12A1BA9990054563C /* Build configuration list for PBXNativeTarget "Lembretes" */ = {
			isa = XCConfigurationList;
			buildConfigurations = (
				C54A7EB22A1BA9990054563C /* Debug */,
				C54A7EB32A1BA9990054563C /* Release */,
			);
			defaultConfigurationIsVisible = 0;
			defaultConfigurationName = Release;
		};
/* End XCConfigurationList section */
	};
	rootObject = C54A7E9B2A1BA9980054563C /* Project object */;
}
